
Microsoft Visual Studio Solution File, Format Version 12.00
# Visual Studio Version 17
VisualStudioVersion = 17.8.34309.116
MinimumVisualStudioVersion = 10.0.40219.1
Project("{FAE04EC0-301F-11D3-BF4B-00C04F79EFBC}") = "AspNetCoreWebAPI8", "AspNetCoreWebAPI8\AspNetCoreWebAPI8.csproj", "{02058789-AC2B-4F2C-BF43-C1802066B31A}"
EndProject
Global
	GlobalSection(SolutionConfigurationPlatforms) = preSolution
		Debug|Any CPU = Debug|Any CPU
		Release|Any CPU = Release|Any CPU
	EndGlobalSection
	GlobalSection(ProjectConfigurationPlatforms) = postSolution
		{02058789-AC2B-4F2C-BF43-C1802066B31A}.Debug|Any CPU.ActiveCfg = Debug|Any CPU
		{02058789-AC2B-4F2C-BF43-C1802066B31A}.Debug|Any CPU.Build.0 = Debug|Any CPU
		{02058789-AC2B-4F2C-BF43-C1802066B31A}.Release|Any CPU.ActiveCfg = Release|Any CPU
		{02058789-AC2B-4F2C-BF43-C1802066B31A}.Release|Any CPU.Build.0 = Release|Any CPU
	EndGlobalSection
	GlobalSection(SolutionProperties) = preSolution
		HideSolutionNode = FALSE
	EndGlobalSection
	GlobalSection(ExtensibilityGlobals) = postSolution
		SolutionGuid = {C0D4ED1B-03F4-4F19-B585-1272F3B28A8C}
	EndGlobalSection
EndGlobal
